// !$*UTF8*$!
{
	archiveVersion = 1;
	classes = {
	};
	objectVersion = 48;
	objects = {

/* Begin PBXBuildFile section */
		1D623B3BAFC7878443691E9D /* Pods_TasksToDo.framework in Frameworks */ = {isa = PBXBuildFile; fileRef = B455275A91A56D2A3530EBFA /* Pods_TasksToDo.framework */; };
		9E032DF4203F9E550072A0B5 /* CategoryViewController.swift in Sources */ = {isa = PBXBuildFile; fileRef = 9E032DF3203F9E550072A0B5 /* CategoryViewController.swift */; };
		9E387FFA2041387600A62DB8 /* Category.swift in Sources */ = {isa = PBXBuildFile; fileRef = 9E387FF92041387600A62DB8 /* Category.swift */; };
		9E43A12C20394E0800A8EF43 /* AppDelegate.swift in Sources */ = {isa = PBXBuildFile; fileRef = 9E43A12B20394E0800A8EF43 /* AppDelegate.swift */; };
		9E43A12E20394E0800A8EF43 /* ToDoViewController.swift in Sources */ = {isa = PBXBuildFile; fileRef = 9E43A12D20394E0800A8EF43 /* ToDoViewController.swift */; };
		9E43A13120394E0800A8EF43 /* Main.storyboard in Resources */ = {isa = PBXBuildFile; fileRef = 9E43A12F20394E0800A8EF43 /* Main.storyboard */; };
		9E43A13620394E0800A8EF43 /* Assets.xcassets in Resources */ = {isa = PBXBuildFile; fileRef = 9E43A13520394E0800A8EF43 /* Assets.xcassets */; };
		9E43A13920394E0800A8EF43 /* LaunchScreen.storyboard in Resources */ = {isa = PBXBuildFile; fileRef = 9E43A13720394E0800A8EF43 /* LaunchScreen.storyboard */; };
		9EA01A8C20426D6E00FFF0DD /* Item.swift in Sources */ = {isa = PBXBuildFile; fileRef = 9EA01A8B20426D6E00FFF0DD /* Item.swift */; };
		9EA01A9120427F1800FFF0DD /* SwipeTableViewController.swift in Sources */ = {isa = PBXBuildFile; fileRef = 9EA01A9020427F1800FFF0DD /* SwipeTableViewController.swift */; };
		9EBB940520399D17006FE759 /* Default-568h@2x.png in Resources */ = {isa = PBXBuildFile; fileRef = 9EBB940420399D16006FE759 /* Default-568h@2x.png */; };
/* End PBXBuildFile section */

/* Begin PBXFileReference section */
		167085454B6900BEDC6FA0B3 /* Pods-TasksToDo.debug.xcconfig */ = {isa = PBXFileReference; includeInIndex = 1; lastKnownFileType = text.xcconfig; name = "Pods-TasksToDo.debug.xcconfig"; path = "Pods/Target Support Files/Pods-TasksToDo/Pods-TasksToDo.debug.xcconfig"; sourceTree = "<group>"; };
		48ED65D8112B0F8D0B98BB50 /* Pods-TasksToDo.release.xcconfig */ = {isa = PBXFileReference; includeInIndex = 1; lastKnownFileType = text.xcconfig; name = "Pods-TasksToDo.release.xcconfig"; path = "Pods/Target Support Files/Pods-TasksToDo/Pods-TasksToDo.release.xcconfig"; sourceTree = "<group>"; };
		9E032DF3203F9E550072A0B5 /* CategoryViewController.swift */ = {isa = PBXFileReference; lastKnownFileType = sourcecode.swift; path = CategoryViewController.swift; sourceTree = "<group>"; };
		9E387FF92041387600A62DB8 /* Category.swift */ = {isa = PBXFileReference; lastKnownFileType = sourcecode.swift; path = Category.swift; sourceTree = "<group>"; };
		9E43A12820394E0800A8EF43 /* TasksToDo.app */ = {isa = PBXFileReference; explicitFileType = wrapper.application; includeInIndex = 0; path = TasksToDo.app; sourceTree = BUILT_PRODUCTS_DIR; };
		9E43A12B20394E0800A8EF43 /* AppDelegate.swift */ = {isa = PBXFileReference; lastKnownFileType = sourcecode.swift; path = AppDelegate.swift; sourceTree = "<group>"; };
		9E43A12D20394E0800A8EF43 /* ToDoViewController.swift */ = {isa = PBXFileReference; lastKnownFileType = sourcecode.swift; path = ToDoViewController.swift; sourceTree = "<group>"; };
		9E43A13020394E0800A8EF43 /* Base */ = {isa = PBXFileReference; lastKnownFileType = file.storyboard; name = Base; path = Base.lproj/Main.storyboard; sourceTree = "<group>"; };
		9E43A13520394E0800A8EF43 /* Assets.xcassets */ = {isa = PBXFileReference; lastKnownFileType = folder.assetcatalog; path = Assets.xcassets; sourceTree = "<group>"; };
		9E43A13820394E0800A8EF43 /* Base */ = {isa = PBXFileReference; lastKnownFileType = file.storyboard; name = Base; path = Base.lproj/LaunchScreen.storyboard; sourceTree = "<group>"; };
		9E43A13A20394E0800A8EF43 /* Info.plist */ = {isa = PBXFileReference; lastKnownFileType = text.plist.xml; path = Info.plist; sourceTree = "<group>"; };
		9EA01A8B20426D6E00FFF0DD /* Item.swift */ = {isa = PBXFileReference; lastKnownFileType = sourcecode.swift; path = Item.swift; sourceTree = "<group>"; };
		9EA01A9020427F1800FFF0DD /* SwipeTableViewController.swift */ = {isa = PBXFileReference; lastKnownFileType = sourcecode.swift; path = SwipeTableViewController.swift; sourceTree = "<group>"; };
		9EBB940420399D16006FE759 /* Default-568h@2x.png */ = {isa = PBXFileReference; lastKnownFileType = image.png; path = "Default-568h@2x.png"; sourceTree = "<group>"; };
		B455275A91A56D2A3530EBFA /* Pods_TasksToDo.framework */ = {isa = PBXFileReference; explicitFileType = wrapper.framework; includeInIndex = 0; path = Pods_TasksToDo.framework; sourceTree = BUILT_PRODUCTS_DIR; };
/* End PBXFileReference section */

/* Begin PBXFrameworksBuildPhase section */
		9E43A12520394E0800A8EF43 /* Frameworks */ = {
			isa = PBXFrameworksBuildPhase;
			buildActionMask = 2147483647;
			files = (
				1D623B3BAFC7878443691E9D /* Pods_TasksToDo.framework in Frameworks */,
			);
			runOnlyForDeploymentPostprocessing = 0;
		};
/* End PBXFrameworksBuildPhase section */

/* Begin PBXGroup section */
		34B09A57B02775BEBE026975 /* Pods */ = {
			isa = PBXGroup;
			children = (
				167085454B6900BEDC6FA0B3 /* Pods-TasksToDo.debug.xcconfig */,
				48ED65D8112B0F8D0B98BB50 /* Pods-TasksToDo.release.xcconfig */,
			);
			name = Pods;
			sourceTree = "<group>";
		};
		9E43A11F20394E0700A8EF43 = {
			isa = PBXGroup;
			children = (
				9EA01A8F20427B8D00FFF0DD /* Views */,
				9EA01A8E20427B2700FFF0DD /* Delegates */,
				9EA01A8D20427B1200FFF0DD /* Controllers */,
				9EBB940420399D16006FE759 /* Default-568h@2x.png */,
				9E43A12A20394E0800A8EF43 /* TasksToDo */,
				9E43A12920394E0800A8EF43 /* Products */,
				34B09A57B02775BEBE026975 /* Pods */,
				A51EDCFDBDD0785C1637B4F7 /* Frameworks */,
			);
			sourceTree = "<group>";
		};
		9E43A12920394E0800A8EF43 /* Products */ = {
			isa = PBXGroup;
			children = (
				9E43A12820394E0800A8EF43 /* TasksToDo.app */,
			);
			name = Products;
			sourceTree = "<group>";
		};
		9E43A12A20394E0800A8EF43 /* TasksToDo */ = {
			isa = PBXGroup;
			children = (
				9E43A13A20394E0800A8EF43 /* Info.plist */,
				9E43A14320398F6600A8EF43 /* SupportingItems */,
				9E43A13520394E0800A8EF43 /* Assets.xcassets */,
				9E43A14220398E4500A8EF43 /* Models */,
			);
			path = TasksToDo;
			sourceTree = "<group>";
		};
		9E43A14220398E4500A8EF43 /* Models */ = {
			isa = PBXGroup;
			children = (
				9EA01A8B20426D6E00FFF0DD /* Item.swift */,
				9E387FF92041387600A62DB8 /* Category.swift */,
			);
			path = Models;
			sourceTree = "<group>";
		};
		9E43A14320398F6600A8EF43 /* SupportingItems */ = {
			isa = PBXGroup;
			children = (
				9E43A13720394E0800A8EF43 /* LaunchScreen.storyboard */,
			);
			path = SupportingItems;
			sourceTree = "<group>";
		};
		9EA01A8D20427B1200FFF0DD /* Controllers */ = {
			isa = PBXGroup;
			children = (
				9E43A12D20394E0800A8EF43 /* ToDoViewController.swift */,
				9EA01A9020427F1800FFF0DD /* SwipeTableViewController.swift */,
				9E032DF3203F9E550072A0B5 /* CategoryViewController.swift */,
			);
			path = Controllers;
			sourceTree = "<group>";
		};
		9EA01A8E20427B2700FFF0DD /* Delegates */ = {
			isa = PBXGroup;
			children = (
				9E43A12B20394E0800A8EF43 /* AppDelegate.swift */,
			);
			name = Delegates;
			path = "New Group";
			sourceTree = "<group>";
		};
		9EA01A8F20427B8D00FFF0DD /* Views */ = {
			isa = PBXGroup;
			children = (
				9E43A12F20394E0800A8EF43 /* Main.storyboard */,
			);
			path = Views;
			sourceTree = "<group>";
		};
		A51EDCFDBDD0785C1637B4F7 /* Frameworks */ = {
			isa = PBXGroup;
			children = (
				B455275A91A56D2A3530EBFA /* Pods_TasksToDo.framework */,
			);
			name = Frameworks;
			sourceTree = "<group>";
		};
/* End PBXGroup section */

/* Begin PBXNativeTarget section */
		9E43A12720394E0800A8EF43 /* TasksToDo */ = {
			isa = PBXNativeTarget;
			buildConfigurationList = 9E43A13D20394E0800A8EF43 /* Build configuration list for PBXNativeTarget "TasksToDo" */;
			buildPhases = (
				82BBB1601399EDE8AFAB6109 /* [CP] Check Pods Manifest.lock */,
				9E43A12420394E0800A8EF43 /* Sources */,
				9E43A12520394E0800A8EF43 /* Frameworks */,
				9E43A12620394E0800A8EF43 /* Resources */,
				C4F125F13CA986AAA6C1AAC2 /* [CP] Embed Pods Frameworks */,
				2937CDB7BDAC7D48BCE29B7A /* [CP] Copy Pods Resources */,
			);
			buildRules = (
			);
			dependencies = (
			);
			name = TasksToDo;
			productName = TasksToDo;
			productReference = 9E43A12820394E0800A8EF43 /* TasksToDo.app */;
			productType = "com.apple.product-type.application";
		};
/* End PBXNativeTarget section */

/* Begin PBXProject section */
		9E43A12020394E0700A8EF43 /* Project object */ = {
			isa = PBXProject;
			attributes = {
				LastSwiftUpdateCheck = 0920;
				LastUpgradeCheck = 0920;
				ORGANIZATIONNAME = JasonMac;
				TargetAttributes = {
					9E43A12720394E0800A8EF43 = {
						CreatedOnToolsVersion = 9.2;
						ProvisioningStyle = Automatic;
					};
				};
			};
			buildConfigurationList = 9E43A12320394E0700A8EF43 /* Build configuration list for PBXProject "TasksToDo" */;
			compatibilityVersion = "Xcode 8.0";
			developmentRegion = en;
			hasScannedForEncodings = 0;
			knownRegions = (
				en,
				Base,
			);
			mainGroup = 9E43A11F20394E0700A8EF43;
			productRefGroup = 9E43A12920394E0800A8EF43 /* Products */;
			projectDirPath = "";
			projectRoot = "";
			targets = (
				9E43A12720394E0800A8EF43 /* TasksToDo */,
			);
		};
/* End PBXProject section */

/* Begin PBXResourcesBuildPhase section */
		9E43A12620394E0800A8EF43 /* Resources */ = {
			isa = PBXResourcesBuildPhase;
			buildActionMask = 2147483647;
			files = (
				9E43A13920394E0800A8EF43 /* LaunchScreen.storyboard in Resources */,
				9EBB940520399D17006FE759 /* Default-568h@2x.png in Resources */,
				9E43A13620394E0800A8EF43 /* Assets.xcassets in Resources */,
				9E43A13120394E0800A8EF43 /* Main.storyboard in Resources */,
			);
			runOnlyForDeploymentPostprocessing = 0;
		};
/* End PBXResourcesBuildPhase section */

/* Begin PBXShellScriptBuildPhase section */
		2937CDB7BDAC7D48BCE29B7A /* [CP] Copy Pods Resources */ = {
			isa = PBXShellScriptBuildPhase;
			buildActionMask = 2147483647;
			files = (
			);
			inputPaths = (
			);
			name = "[CP] Copy Pods Resources";
			outputPaths = (
			);
			runOnlyForDeploymentPostprocessing = 0;
			shellPath = /bin/sh;
			shellScript = "\"${SRCROOT}/Pods/Target Support Files/Pods-TasksToDo/Pods-TasksToDo-resources.sh\"\n";
			showEnvVarsInLog = 0;
		};
		82BBB1601399EDE8AFAB6109 /* [CP] Check Pods Manifest.lock */ = {
			isa = PBXShellScriptBuildPhase;
			buildActionMask = 2147483647;
			files = (
			);
			inputPaths = (
				"${PODS_PODFILE_DIR_PATH}/Podfile.lock",
				"${PODS_ROOT}/Manifest.lock",
			);
			name = "[CP] Check Pods Manifest.lock";
			outputPaths = (
				"$(DERIVED_FILE_DIR)/Pods-TasksToDo-checkManifestLockResult.txt",
			);
			runOnlyForDeploymentPostprocessing = 0;
			shellPath = /bin/sh;
			shellScript = "diff \"${PODS_PODFILE_DIR_PATH}/Podfile.lock\" \"${PODS_ROOT}/Manifest.lock\" > /dev/null\nif [ $? != 0 ] ; then\n    # print error to STDERR\n    echo \"error: The sandbox is not in sync with the Podfile.lock. Run 'pod install' or update your CocoaPods installation.\" >&2\n    exit 1\nfi\n# This output is used by Xcode 'outputs' to avoid re-running this script phase.\necho \"SUCCESS\" > \"${SCRIPT_OUTPUT_FILE_0}\"\n";
			showEnvVarsInLog = 0;
		};
		C4F125F13CA986AAA6C1AAC2 /* [CP] Embed Pods Frameworks */ = {
			isa = PBXShellScriptBuildPhase;
			buildActionMask = 2147483647;
			files = (
			);
			inputPaths = (
				"${SRCROOT}/Pods/Target Support Files/Pods-TasksToDo/Pods-TasksToDo-frameworks.sh",
				"${BUILT_PRODUCTS_DIR}/ChameleonFramework/ChameleonFramework.framework",
				"${BUILT_PRODUCTS_DIR}/Realm/Realm.framework",
				"${BUILT_PRODUCTS_DIR}/RealmSwift/RealmSwift.framework",
				"${BUILT_PRODUCTS_DIR}/SwipeCellKit/SwipeCellKit.framework",
			);
			name = "[CP] Embed Pods Frameworks";
			outputPaths = (
				"${TARGET_BUILD_DIR}/${FRAMEWORKS_FOLDER_PATH}/ChameleonFramework.framework",
				"${TARGET_BUILD_DIR}/${FRAMEWORKS_FOLDER_PATH}/Realm.framework",
				"${TARGET_BUILD_DIR}/${FRAMEWORKS_FOLDER_PATH}/RealmSwift.framework",
				"${TARGET_BUILD_DIR}/${FRAMEWORKS_FOLDER_PATH}/SwipeCellKit.framework",
			);
			runOnlyForDeploymentPostprocessing = 0;
			shellPath = /bin/sh;
			shellScript = "\"${SRCROOT}/Pods/Target Support Files/Pods-TasksToDo/Pods-TasksToDo-frameworks.sh\"\n";
			showEnvVarsInLog = 0;
		};
/* End PBXShellScriptBuildPhase section */

/* Begin PBXSourcesBuildPhase section */
		9E43A12420394E0800A8EF43 /* Sources */ = {
			isa = PBXSourcesBuildPhase;
			buildActionMask = 2147483647;
			files = (
				9EA01A8C20426D6E00FFF0DD /* Item.swift in Sources */,
				9E387FFA2041387600A62DB8 /* Category.swift in Sources */,
				9E032DF4203F9E550072A0B5 /* CategoryViewController.swift in Sources */,
				9E43A12E20394E0800A8EF43 /* ToDoViewController.swift in Sources */,
				9EA01A9120427F1800FFF0DD /* SwipeTableViewController.swift in Sources */,
				9E43A12C20394E0800A8EF43 /* AppDelegate.swift in Sources */,
			);
			runOnlyForDeploymentPostprocessing = 0;
		};
/* End PBXSourcesBuildPhase section */

/* Begin PBXVariantGroup section */
		9E43A12F20394E0800A8EF43 /* Main.storyboard */ = {
			isa = PBXVariantGroup;
			children = (
				9E43A13020394E0800A8EF43 /* Base */,
			);
			name = Main.storyboard;
			sourceTree = "<group>";
		};
		9E43A13720394E0800A8EF43 /* LaunchScreen.storyboard */ = {
			isa = PBXVariantGroup;
			children = (
				9E43A13820394E0800A8EF43 /* Base */,
			);
			name = LaunchScreen.storyboard;
			sourceTree = "<group>";
		};
/* End PBXVariantGroup section */

/* Begin XCBuildConfiguration section */
		9E43A13B20394E0800A8EF43 /* Debug */ = {
			isa = XCBuildConfiguration;
			buildSettings = {
				ALWAYS_SEARCH_USER_PATHS = NO;
				CLANG_ANALYZER_NONNULL = YES;
				CLANG_ANALYZER_NUMBER_OBJECT_CONVERSION = YES_AGGRESSIVE;
				CLANG_CXX_LANGUAGE_STANDARD = "gnu++14";
				CLANG_CXX_LIBRARY = "libc++";
				CLANG_ENABLE_MODULES = YES;
				CLANG_ENABLE_OBJC_ARC = YES;
				CLANG_WARN_BLOCK_CAPTURE_AUTORELEASING = YES;
				CLANG_WARN_BOOL_CONVERSION = YES;
				CLANG_WARN_COMMA = YES;
				CLANG_WARN_CONSTANT_CONVERSION = YES;
				CLANG_WARN_DIRECT_OBJC_ISA_USAGE = YES_ERROR;
				CLANG_WARN_DOCUMENTATION_COMMENTS = YES;
				CLANG_WARN_EMPTY_BODY = YES;
				CLANG_WARN_ENUM_CONVERSION = YES;
				CLANG_WARN_INFINITE_RECURSION = YES;
				CLANG_WARN_INT_CONVERSION = YES;
				CLANG_WARN_NON_LITERAL_NULL_CONVERSION = YES;
				CLANG_WARN_OBJC_LITERAL_CONVERSION = YES;
				CLANG_WARN_OBJC_ROOT_CLASS = YES_ERROR;
				CLANG_WARN_RANGE_LOOP_ANALYSIS = YES;
				CLANG_WARN_STRICT_PROTOTYPES = YES;
				CLANG_WARN_SUSPICIOUS_MOVE = YES;
				CLANG_WARN_UNGUARDED_AVAILABILITY = YES_AGGRESSIVE;
				CLANG_WARN_UNREACHABLE_CODE = YES;
				CLANG_WARN__DUPLICATE_METHOD_MATCH = YES;
				CODE_SIGN_IDENTITY = "iPhone Developer";
				COPY_PHASE_STRIP = NO;
				DEBUG_INFORMATION_FORMAT = dwarf;
				ENABLE_STRICT_OBJC_MSGSEND = YES;
				ENABLE_TESTABILITY = YES;
				GCC_C_LANGUAGE_STANDARD = gnu11;
				GCC_DYNAMIC_NO_PIC = NO;
				GCC_NO_COMMON_BLOCKS = YES;
				GCC_OPTIMIZATION_LEVEL = 0;
				GCC_PREPROCESSOR_DEFINITIONS = (
					"DEBUG=1",
					"$(inherited)",
				);
				GCC_WARN_64_TO_32_BIT_CONVERSION = YES;
				GCC_WARN_ABOUT_RETURN_TYPE = YES_ERROR;
				GCC_WARN_UNDECLARED_SELECTOR = YES;
				GCC_WARN_UNINITIALIZED_AUTOS = YES_AGGRESSIVE;
				GCC_WARN_UNUSED_FUNCTION = YES;
				GCC_WARN_UNUSED_VARIABLE = YES;
				IPHONEOS_DEPLOYMENT_TARGET = 11.2;
				MTL_ENABLE_DEBUG_INFO = YES;
				ONLY_ACTIVE_ARCH = YES;
				SDKROOT = iphoneos;
				SWIFT_ACTIVE_COMPILATION_CONDITIONS = DEBUG;
				SWIFT_OPTIMIZATION_LEVEL = "-Onone";
			};
			name = Debug;
		};
		9E43A13C20394E0800A8EF43 /* Release */ = {
			isa = XCBuildConfiguration;
			buildSettings = {
				ALWAYS_SEARCH_USER_PATHS = NO;
				CLANG_ANALYZER_NONNULL = YES;
				CLANG_ANALYZER_NUMBER_OBJECT_CONVERSION = YES_AGGRESSIVE;
				CLANG_CXX_LANGUAGE_STANDARD = "gnu++14";
				CLANG_CXX_LIBRARY = "libc++";
				CLANG_ENABLE_MODULES = YES;
				CLANG_ENABLE_OBJC_ARC = YES;
				CLANG_WARN_BLOCK_CAPTURE_AUTORELEASING = YES;
				CLANG_WARN_BOOL_CONVERSION = YES;
				CLANG_WARN_COMMA = YES;
				CLANG_WARN_CONSTANT_CONVERSION = YES;
				CLANG_WARN_DIRECT_OBJC_ISA_USAGE = YES_ERROR;
				CLANG_WARN_DOCUMENTATION_COMMENTS = YES;
				CLANG_WARN_EMPTY_BODY = YES;
				CLANG_WARN_ENUM_CONVERSION = YES;
				CLANG_WARN_INFINITE_RECURSION = YES;
				CLANG_WARN_INT_CONVERSION = YES;
				CLANG_WARN_NON_LITERAL_NULL_CONVERSION = YES;
				CLANG_WARN_OBJC_LITERAL_CONVERSION = YES;
				CLANG_WARN_OBJC_ROOT_CLASS = YES_ERROR;
				CLANG_WARN_RANGE_LOOP_ANALYSIS = YES;
				CLANG_WARN_STRICT_PROTOTYPES = YES;
				CLANG_WARN_SUSPICIOUS_MOVE = YES;
				CLANG_WARN_UNGUARDED_AVAILABILITY = YES_AGGRESSIVE;
				CLANG_WARN_UNREACHABLE_CODE = YES;
				CLANG_WARN__DUPLICATE_METHOD_MATCH = YES;
				CODE_SIGN_IDENTITY = "iPhone Developer";
				COPY_PHASE_STRIP = NO;
				DEBUG_INFORMATION_FORMAT = "dwarf-with-dsym";
				ENABLE_NS_ASSERTIONS = NO;
				ENABLE_STRICT_OBJC_MSGSEND = YES;
				GCC_C_LANGUAGE_STANDARD = gnu11;
				GCC_NO_COMMON_BLOCKS = YES;
				GCC_WARN_64_TO_32_BIT_CONVERSION = YES;
				GCC_WARN_ABOUT_RETURN_TYPE = YES_ERROR;
				GCC_WARN_UNDECLARED_SELECTOR = YES;
				GCC_WARN_UNINITIALIZED_AUTOS = YES_AGGRESSIVE;
				GCC_WARN_UNUSED_FUNCTION = YES;
				GCC_WARN_UNUSED_VARIABLE = YES;
				IPHONEOS_DEPLOYMENT_TARGET = 11.2;
				MTL_ENABLE_DEBUG_INFO = NO;
				SDKROOT = iphoneos;
				SWIFT_OPTIMIZATION_LEVEL = "-Owholemodule";
				VALIDATE_PRODUCT = YES;
			};
			name = Release;
		};
		9E43A13E20394E0800A8EF43 /* Debug */ = {
			isa = XCBuildConfiguration;
			baseConfigurationReference = 167085454B6900BEDC6FA0B3 /* Pods-TasksToDo.debug.xcconfig */;
			buildSettings = {
				ASSETCATALOG_COMPILER_APPICON_NAME = AppIcon;
				CODE_SIGN_STYLE = Automatic;
				DEVELOPMENT_TEAM = EUFCY3UFR6;
				INFOPLIST_FILE = TasksToDo/Info.plist;
				LD_RUNPATH_SEARCH_PATHS = "$(inherited) @executable_path/Frameworks";
				PRODUCT_BUNDLE_IDENTIFIER = Jason.TasksToDo;
				PRODUCT_NAME = "$(TARGET_NAME)";
				SWIFT_VERSION = 4.0;
				TARGETED_DEVICE_FAMILY = "1,2";
			};
			name = Debug;
		};
		9E43A13F20394E0800A8EF43 /* Release */ = {
			isa = XCBuildConfiguration;
			baseConfigurationReference = 48ED65D8112B0F8D0B98BB50 /* Pods-TasksToDo.release.xcconfig */;
			buildSettings = {
				ASSETCATALOG_COMPILER_APPICON_NAME = AppIcon;
				CODE_SIGN_STYLE = Automatic;
				DEVELOPMENT_TEAM = EUFCY3UFR6;
				INFOPLIST_FILE = TasksToDo/Info.plist;
				LD_RUNPATH_SEARCH_PATHS = "$(inherited) @executable_path/Frameworks";
				PRODUCT_BUNDLE_IDENTIFIER = Jason.TasksToDo;
				PRODUCT_NAME = "$(TARGET_NAME)";
				SWIFT_VERSION = 4.0;
				TARGETED_DEVICE_FAMILY = "1,2";
			};
			name = Release;
		};
/* End XCBuildConfiguration section */

/* Begin XCConfigurationList section */
		9E43A12320394E0700A8EF43 /* Build configuration list for PBXProject "TasksToDo" */ = {
			isa = XCConfigurationList;
			buildConfigurations = (
				9E43A13B20394E0800A8EF43 /* Debug */,
				9E43A13C20394E0800A8EF43 /* Release */,
			);
			defaultConfigurationIsVisible = 0;
			defaultConfigurationName = Release;
		};
		9E43A13D20394E0800A8EF43 /* Build configuration list for PBXNativeTarget "TasksToDo" */ = {
			isa = XCConfigurationList;
			buildConfigurations = (
				9E43A13E20394E0800A8EF43 /* Debug */,
				9E43A13F20394E0800A8EF43 /* Release */,
			);
			defaultConfigurationIsVisible = 0;
			defaultConfigurationName = Release;
		};
/* End XCConfigurationList section */
	};
	rootObject = 9E43A12020394E0700A8EF43 /* Project object */;
}
